
Microsoft Visual Studio Solution File, Format Version 12.00
# Visual Studio Version 17
VisualStudioVersion = 17.7.34031.279
MinimumVisualStudioVersion = 10.0.40219.1
Project("{FAE04EC0-301F-11D3-BF4B-00C04F79EFBC}") = "EstudoRepositories", "EstudoRepositories\EstudoRepositories.csproj", "{02330A1C-1B30-4707-891E-E64D88939D8E}"
EndProject
Project("{FAE04EC0-301F-11D3-BF4B-00C04F79EFBC}") = "ExportData", "ExportData\ExportData.csproj", "{CA327869-5B66-42B4-B4FC-6BC6043C91D2}"
EndProject
Project("{FAE04EC0-301F-11D3-BF4B-00C04F79EFBC}") = "EstudoRepositoriesTest", "EstudoRepositoriesTest\EstudoRepositoriesTest.csproj", "{118AB3B3-B729-4F30-A44C-AF543CCD34E5}"
EndProject
Global
	GlobalSection(SolutionConfigurationPlatforms) = preSolution
		Debug|Any CPU = Debug|Any CPU
		Release|Any CPU = Release|Any CPU
	EndGlobalSection
	GlobalSection(ProjectConfigurationPlatforms) = postSolution
		{02330A1C-1B30-4707-891E-E64D88939D8E}.Debug|Any CPU.ActiveCfg = Debug|Any CPU
		{02330A1C-1B30-4707-891E-E64D88939D8E}.Debug|Any CPU.Build.0 = Debug|Any CPU
		{02330A1C-1B30-4707-891E-E64D88939D8E}.Release|Any CPU.ActiveCfg = Release|Any CPU
		{02330A1C-1B30-4707-891E-E64D88939D8E}.Release|Any CPU.Build.0 = Release|Any CPU
		{CA327869-5B66-42B4-B4FC-6BC6043C91D2}.Debug|Any CPU.ActiveCfg = Debug|Any CPU
		{CA327869-5B66-42B4-B4FC-6BC6043C91D2}.Debug|Any CPU.Build.0 = Debug|Any CPU
		{CA327869-5B66-42B4-B4FC-6BC6043C91D2}.Release|Any CPU.ActiveCfg = Release|Any CPU
		{CA327869-5B66-42B4-B4FC-6BC6043C91D2}.Release|Any CPU.Build.0 = Release|Any CPU
		{F09C5275-664C-48B7-8058-569C27F880ED}.Debug|Any CPU.ActiveCfg = Debug|Any CPU
		{F09C5275-664C-48B7-8058-569C27F880ED}.Debug|Any CPU.Build.0 = Debug|Any CPU
		{F09C5275-664C-48B7-8058-569C27F880ED}.Release|Any CPU.ActiveCfg = Release|Any CPU
		{F09C5275-664C-48B7-8058-569C27F880ED}.Release|Any CPU.Build.0 = Release|Any CPU
		{118AB3B3-B729-4F30-A44C-AF543CCD34E5}.Debug|Any CPU.ActiveCfg = Debug|Any CPU
		{118AB3B3-B729-4F30-A44C-AF543CCD34E5}.Debug|Any CPU.Build.0 = Debug|Any CPU
		{118AB3B3-B729-4F30-A44C-AF543CCD34E5}.Release|Any CPU.ActiveCfg = Release|Any CPU
		{118AB3B3-B729-4F30-A44C-AF543CCD34E5}.Release|Any CPU.Build.0 = Release|Any CPU
	EndGlobalSection
	GlobalSection(SolutionProperties) = preSolution
		HideSolutionNode = FALSE
	EndGlobalSection
	GlobalSection(ExtensibilityGlobals) = postSolution
		SolutionGuid = {E28FEF3A-1253-44A1-8908-EFE4E16C0689}
	EndGlobalSection
EndGlobal
